github.com/google/uuid v1.3.0 h1:t6JiXgmwXMjEs8VusXIJk2BXHsn+wx8BZdTaoZ5fu7I=
github.com/google/uuid v1.3.0/go.mod h1:TIyPZe4MgqvfeYDBFedMoGGpEw/LqOeaOT+nhxU+yHo=
github.com/matoous/go-nanoid v1.5.0 h1:VRorl6uCngneC4oUQqOYtO3S0H5QKFtKuKycFG3euek=
github.com/matoous/go-nanoid v1.5.0/go.mod h1:zyD2a71IubI24efhpvkJz+ZwfwagzgSO6UNiFsZKN7U=
github.com/olehmushka/golang-toolkit v0.2.4 h1:Y1dR5kcjbQVh8qUuCmm8IQbm6GaVgX4n0ezd+7OnjU0=
github.com/olehmushka/golang-toolkit v0.2.4/go.mod h1:TivXQXAIb8MLPLAlB23WZECZa2ZfTDi9x0hU+iTapWI=
github.com/olehmushka/word-generator v0.1.2 h1:PJx94fpmNEAiYkQRfeAWFnx8YDJsflwSehARmyRZ3RE=
github.com/olehmushka/word-generator v0.1.2/go.mod h1:NsZfdkrRLDlIo+ordD+RrrYhQtx/DuKEwbmPbJ4+9AQ=
golang.org/x/exp v0.0.0-20221111094246-ab4555d3164f h1:dx+ByaHZgQORWfy/TumeLerCm48o5pDf+skF0SWtLdY=
golang.org/x/exp v0.0.0-20221111094246-ab4555d3164f/go.mod h1:CxIveKay+FTh1D0yPZemJVgC/95VzuuOLq5Qi4xnoYc=
golang.org/x/text v0.4.0 h1:BrVqGRd7+k1DiOgtnFvAkoQEWQvBc25ouMJM6429SFg=
golang.org/x/text v0.4.0/go.mod h1:mrYo+phRRbMaCq/xk9113O4dZlRixOauAjOtrjsXDZ8=
gonum.org/v1/gonum v0.12.0 h1:xKuo6hzt+gMav00meVPUlXwSdoEJP46BR+wdxQEFK2o=
gonum.org/v1/gonum v0.12.0/go.mod h1:73TDxJfAAHeA8Mk9mf8NlIppyhQNo5GLTcYeqgo2lvY=
