github.com/google/uuid v1.3.0 h1:t6JiXgmwXMjEs8VusXIJk2BXHsn+wx8BZdTaoZ5fu7I=
github.com/google/uuid v1.3.0/go.mod h1:TIyPZe4MgqvfeYDBFedMoGGpEw/LqOeaOT+nhxU+yHo=
github.com/olehmushka/golang-toolkit v0.1.2 h1:skjjBQ+Ein0z49wugCF8nNqmN5ADQGoA8PaDBWqM8qU=
github.com/olehmushka/golang-toolkit v0.1.2/go.mod h1:pEKNkKQOkUHyLzNyFeN2Lrnb8FtgOQeQQuC8Kalw4kw=
github.com/olehmushka/word-generator v0.1.1 h1:tD2lZ3B4VpDJE1pVaIDuWABUdM6zk6JUIkaWL2Bekb0=
github.com/olehmushka/word-generator v0.1.1/go.mod h1:4efjekF/ztYjK2o8i3DMKcTibx4cj+OeTqZQJwxdTuU=
golang.org/x/exp v0.0.0-20221026153819-32f3d567a233 h1:9bNbSKT4RPLEzne0Xh1v3NaNecsa1DKjkOuTbY6V9rI=
golang.org/x/exp v0.0.0-20221026153819-32f3d567a233/go.mod h1:CxIveKay+FTh1D0yPZemJVgC/95VzuuOLq5Qi4xnoYc=
golang.org/x/text v0.4.0 h1:BrVqGRd7+k1DiOgtnFvAkoQEWQvBc25ouMJM6429SFg=
golang.org/x/text v0.4.0/go.mod h1:mrYo+phRRbMaCq/xk9113O4dZlRixOauAjOtrjsXDZ8=
gonum.org/v1/gonum v0.12.0 h1:xKuo6hzt+gMav00meVPUlXwSdoEJP46BR+wdxQEFK2o=
gonum.org/v1/gonum v0.12.0/go.mod h1:73TDxJfAAHeA8Mk9mf8NlIppyhQNo5GLTcYeqgo2lvY=
